
Microsoft Visual Studio Solution File, Format Version 12.00
# Visual Studio 2013
Project("{FAE04EC0-301F-11D3-BF4B-00C04F79EFBC}") = "UnityVS.Bouncy Fruit.CSharp", "UnityVS.Bouncy Fruit.CSharp.csproj", "{CD693806-E9BC-E088-7C1E-D2D8966E67F9}"
EndProject
Project("{FAE04EC0-301F-11D3-BF4B-00C04F79EFBC}") = "UnityVS.Bouncy Fruit.CSharp.Editor", "UnityVS.Bouncy Fruit.CSharp.Editor.csproj", "{2688289F-2F61-28F4-0E08-370C5C183DE8}"
EndProject
Global
	GlobalSection(SolutionConfigurationPlatforms) = preSolution
		Debug|Any CPU = Debug|Any CPU
		Release|Any CPU = Release|Any CPU
	EndGlobalSection
	GlobalSection(ProjectConfigurationPlatforms) = postSolution
		{CD693806-E9BC-E088-7C1E-D2D8966E67F9}.Debug|Any CPU.ActiveCfg = Debug|Any CPU
		{CD693806-E9BC-E088-7C1E-D2D8966E67F9}.Debug|Any CPU.Build.0 = Debug|Any CPU
		{CD693806-E9BC-E088-7C1E-D2D8966E67F9}.Release|Any CPU.ActiveCfg = Release|Any CPU
		{CD693806-E9BC-E088-7C1E-D2D8966E67F9}.Release|Any CPU.Build.0 = Release|Any CPU
		{2688289F-2F61-28F4-0E08-370C5C183DE8}.Debug|Any CPU.ActiveCfg = Debug|Any CPU
		{2688289F-2F61-28F4-0E08-370C5C183DE8}.Debug|Any CPU.Build.0 = Debug|Any CPU
		{2688289F-2F61-28F4-0E08-370C5C183DE8}.Release|Any CPU.ActiveCfg = Release|Any CPU
		{2688289F-2F61-28F4-0E08-370C5C183DE8}.Release|Any CPU.Build.0 = Release|Any CPU
	EndGlobalSection
	GlobalSection(SolutionProperties) = preSolution
		HideSolutionNode = FALSE
	EndGlobalSection
EndGlobal
